<?xml version="1.0" encoding="utf-8"?>
<Project ToolsVersion="4.0" xmlns="http://schemas.microsoft.com/developer/msbuild/2003">
  <ItemGroup>
    <Filter Include="Source Files">
      <UniqueIdentifier>{4FC737F1-C7A5-4376-A066-2A32D752A2FF}</UniqueIdentifier>
      <Extensions>cpp;c;cc;cxx;c++;cppm;ixx;def;odl;idl;hpj;bat;asm;asmx</Extensions>
    </Filter>
    <Filter Include="Header Files">
      <UniqueIdentifier>{93995380-89BD-4b04-88EB-625FBE52EBFB}</UniqueIdentifier>
      <Extensions>h;hh;hpp;hxx;h++;hm;inl;inc;ipp;xsd</Extensions>
    </Filter>
    <Filter Include="Resource Files">
      <UniqueIdentifier>{67DA6AB6-F800-4c08-8B7A-83BB121AAD01}</UniqueIdentifier>
      <Extensions>rc;ico;cur;bmp;dlg;rc2;rct;bin;rgs;gif;jpg;jpeg;jpe;resx;tiff;tif;png;wav;mfcribbon-ms</Extensions>
    </Filter>
    <Filter Include="Source Files\Monster">
      <UniqueIdentifier>{e8cc57d3-ae16-4b5a-b1aa-286d9cec3ec5}</UniqueIdentifier>
    </Filter>
    <Filter Include="Source Files\Character">
      <UniqueIdentifier>{daeedc03-822c-4eba-bcc4-62c18160c1f0}</UniqueIdentifier>
    </Filter>
    <Filter Include="Source Files\Item">
      <UniqueIdentifier>{e7563994-58a3-431b-9dd2-4a7d3bb379a7}</UniqueIdentifier>
    </Filter>
    <Filter Include="Header Files\Monster">
      <UniqueIdentifier>{5a3e8860-2aac-4809-873b-14edd828a826}</UniqueIdentifier>
    </Filter>
    <Filter Include="Header Files\Character">
      <UniqueIdentifier>{592d34af-0c7e-47a7-bc10-b1ffad479911}</UniqueIdentifier>
    </Filter>
    <Filter Include="Header Files\Item">
      <UniqueIdentifier>{53bd33aa-d067-4675-b244-184c19548ec0}</UniqueIdentifier>
    </Filter>
    <Filter Include="Header Files\Player">
      <UniqueIdentifier>{e8002119-611c-42a1-8161-3140f1f91dc5}</UniqueIdentifier>
    </Filter>
    <Filter Include="Source Files\Player">
      <UniqueIdentifier>{eb3607c6-be4e-4c25-9783-746b759108ed}</UniqueIdentifier>
    </Filter>
    <Filter Include="console_manager">
      <UniqueIdentifier>{a37d3a21-0b5f-4c16-9c35-343693ad19df}</UniqueIdentifier>
    </Filter>
    <Filter Include="console_manager\frame">
      <UniqueIdentifier>{72ddbcea-470a-4a27-8d0c-903ce1552c58}</UniqueIdentifier>
    </Filter>
    <Filter Include="console_manager\interactables">
      <UniqueIdentifier>{83df4c60-5199-483f-8834-69ec2201ed5b}</UniqueIdentifier>
    </Filter>
    <Filter Include="console_manager\mouse">
      <UniqueIdentifier>{a48343ff-ef06-43f9-aa98-837fea4cb4ad}</UniqueIdentifier>
    </Filter>
    <Filter Include="console_manager\printer">
      <UniqueIdentifier>{66b556b3-69ac-42e3-93e2-ad81136df1f2}</UniqueIdentifier>
    </Filter>
    <Filter Include="console_manager\Scene">
      <UniqueIdentifier>{68eee677-b8a2-4a44-91cb-6e6912bf507b}</UniqueIdentifier>
    </Filter>
    <Filter Include="console_manager\Layout">
      <UniqueIdentifier>{878e6cd6-cf37-45c4-8af0-97f2897b45b6}</UniqueIdentifier>
    </Filter>
    <Filter Include="console_manager\Text">
      <UniqueIdentifier>{e87f9283-0e71-41e4-9dad-3b796d3e6d7b}</UniqueIdentifier>
    </Filter>
    <Filter Include="console_manager\UI_Manager">
      <UniqueIdentifier>{af73566f-0d22-4858-85ee-5b937f84ebc6}</UniqueIdentifier>
    </Filter>
    <Filter Include="console_manager\Popout">
      <UniqueIdentifier>{83d7ed0a-70f6-491e-b56d-167e8e3067d8}</UniqueIdentifier>
    </Filter>
    <Filter Include="console_manager\Dlisplay">
      <UniqueIdentifier>{72a737ee-a107-46a8-9751-dd9d201b486d}</UniqueIdentifier>
    </Filter>
    <Filter Include="console_manager\button">
      <UniqueIdentifier>{1a0e2dde-362f-45d7-b964-96f3da855582}</UniqueIdentifier>
    </Filter>
    <Filter Include="console_manager\TimeManager">
      <UniqueIdentifier>{c0df47e1-9ba2-41de-9f0a-530922beb6b7}</UniqueIdentifier>
    </Filter>
  </ItemGroup>
  <ItemGroup>
    <ClCompile Include="Sparta_Cpp_Assginment.cpp">
      <Filter>Source Files</Filter>
    </ClCompile>
    <ClCompile Include="GameManager.cpp">
      <Filter>Source Files</Filter>
    </ClCompile>
    <ClCompile Include="Shop.cpp">
      <Filter>Source Files</Filter>
    </ClCompile>
    <ClCompile Include="BossMonster.cpp">
      <Filter>Source Files\Monster</Filter>
    </ClCompile>
    <ClCompile Include="Goblin.cpp">
      <Filter>Source Files\Monster</Filter>
    </ClCompile>
    <ClCompile Include="Monster.cpp">
      <Filter>Source Files\Monster</Filter>
    </ClCompile>
    <ClCompile Include="Orc.cpp">
      <Filter>Source Files\Monster</Filter>
    </ClCompile>
    <ClCompile Include="Troll.cpp">
      <Filter>Source Files\Monster</Filter>
    </ClCompile>
    <ClCompile Include="Character.cpp">
      <Filter>Source Files\Character</Filter>
    </ClCompile>
    <ClCompile Include="Item.cpp">
      <Filter>Source Files\Item</Filter>
    </ClCompile>
    <ClCompile Include="AttackBoost.cpp">
      <Filter>Source Files\Item</Filter>
    </ClCompile>
    <ClCompile Include="HealthPotion.cpp">
      <Filter>Source Files\Item</Filter>
    </ClCompile>
    <ClCompile Include="Battle.cpp">
      <Filter>Source Files</Filter>
    </ClCompile>
    <ClCompile Include="BattleStage.cpp">
      <Filter>Source Files</Filter>
    </ClCompile>
    <ClCompile Include="Weapon.cpp">
      <Filter>Source Files\Item</Filter>
    </ClCompile>
    <ClCompile Include="Player.cpp">
      <Filter>Source Files</Filter>
    </ClCompile>
    <ClCompile Include="ConsoleManager.cpp">
      <Filter>console_manager</Filter>
    </ClCompile>
    <ClCompile Include="Button.cpp">
      <Filter>console_manager\button</Filter>
    </ClCompile>
    <ClCompile Include="Layout.cpp">
      <Filter>console_manager\Layout</Filter>
    </ClCompile>
    <ClCompile Include="BaseFrame.cpp">
      <Filter>console_manager\frame</Filter>
    </ClCompile>
    <ClCompile Include="MouseInputManager.cpp">
      <Filter>console_manager\mouse</Filter>
    </ClCompile>
    <ClCompile Include="Printer.cpp">
      <Filter>console_manager\printer</Filter>
    </ClCompile>
    <ClCompile Include="StringUpdater.cpp">
      <Filter>console_manager\Text</Filter>
    </ClCompile>
    <ClCompile Include="Popout.cpp">
      <Filter>console_manager\Popout</Filter>
    </ClCompile>
    <ClCompile Include="SceneMaker.cpp">
      <Filter>console_manager\Scene</Filter>
    </ClCompile>
    <ClCompile Include="Display.cpp">
      <Filter>console_manager\Dlisplay</Filter>
    </ClCompile>
    <ClCompile Include="ClockTower.cpp">
      <Filter>console_manager\TimeManager</Filter>
    </ClCompile>
    <ClCompile Include="interaction_Component.cpp">
      <Filter>console_manager\interactables</Filter>
    </ClCompile>
  </ItemGroup>
  <ItemGroup>
    <ClInclude Include="GameManager.h">
      <Filter>Header Files</Filter>
    </ClInclude>
    <ClInclude Include="Shop.h">
      <Filter>Header Files</Filter>
    </ClInclude>
    <ClInclude Include="AttackBoost.h">
      <Filter>Header Files\Item</Filter>
    </ClInclude>
    <ClInclude Include="Item.h">
      <Filter>Header Files\Item</Filter>
    </ClInclude>
    <ClInclude Include="Goblin.h">
      <Filter>Header Files\Monster</Filter>
    </ClInclude>
    <ClInclude Include="Monster.h">
      <Filter>Header Files\Monster</Filter>
    </ClInclude>
    <ClInclude Include="Orc.h">
      <Filter>Header Files\Monster</Filter>
    </ClInclude>
    <ClInclude Include="Troll.h">
      <Filter>Header Files\Monster</Filter>
    </ClInclude>
    <ClInclude Include="BossMonster.h">
      <Filter>Header Files\Monster</Filter>
    </ClInclude>
    <ClInclude Include="HealthPotion.h">
      <Filter>Header Files\Item</Filter>
    </ClInclude>
    <ClInclude Include="Character.h">
      <Filter>Header Files\Character</Filter>
    </ClInclude>
    <ClInclude Include="Battle.h">
      <Filter>Header Files</Filter>
    </ClInclude>
    <ClInclude Include="BattleStage.h">
      <Filter>Header Files</Filter>
    </ClInclude>
    <ClInclude Include="Weapon.h">
      <Filter>Header Files\Item</Filter>
    </ClInclude>
    <ClInclude Include="Player.h">
      <Filter>Header Files</Filter>
    </ClInclude>
    <ClInclude Include="ConsoleManager.h">
      <Filter>console_manager</Filter>
    </ClInclude>
    <ClInclude Include="Enum_ConsoleMode.h">
      <Filter>console_manager</Filter>
    </ClInclude>
    <ClInclude Include="Button.h">
      <Filter>console_manager\button</Filter>
    </ClInclude>
    <ClInclude Include="BaseFrame.h">
      <Filter>console_manager\frame</Filter>
    </ClInclude>
    <ClInclude Include="PivotPoint.h">
      <Filter>console_manager\frame</Filter>
    </ClInclude>
    <ClInclude Include="interaction_Component.h">
      <Filter>console_manager\interactables</Filter>
    </ClInclude>
    <ClInclude Include="Enum_MouseInput.h">
      <Filter>console_manager\mouse</Filter>
    </ClInclude>
    <ClInclude Include="MouseInputManager.h">
      <Filter>console_manager\mouse</Filter>
    </ClInclude>
    <ClInclude Include="Scene.h">
      <Filter>console_manager\Scene</Filter>
    </ClInclude>
    <ClInclude Include="Printer.h">
      <Filter>console_manager\printer</Filter>
    </ClInclude>
    <ClInclude Include="Enum_FrameType.h">
      <Filter>console_manager</Filter>
    </ClInclude>
    <ClInclude Include="Text_Align.h">
      <Filter>console_manager\Text</Filter>
    </ClInclude>
    <ClInclude Include="TextPixel.h">
      <Filter>console_manager\Scene</Filter>
    </ClInclude>
    <ClInclude Include="StringUpdater.h">
      <Filter>console_manager\Text</Filter>
    </ClInclude>
    <ClInclude Include="Layout.h">
      <Filter>console_manager\Layout</Filter>
    </ClInclude>
    <ClInclude Include="UI_Manager.h">
      <Filter>console_manager\UI_Manager</Filter>
    </ClInclude>
    <ClInclude Include="Popout.h">
      <Filter>console_manager\Popout</Filter>
    </ClInclude>
    <ClInclude Include="SceneMaker.h">
      <Filter>console_manager\Scene</Filter>
    </ClInclude>
    <ClInclude Include="Enum_Text_Color.h">
      <Filter>console_manager\Text</Filter>
    </ClInclude>
    <ClInclude Include="Display.h">
      <Filter>console_manager\Dlisplay</Filter>
    </ClInclude>
    <ClInclude Include="SceneEditor.h">
      <Filter>console_manager\Scene</Filter>
    </ClInclude>
    <ClInclude Include="Enum_Live_Interactable_state.h">
      <Filter>console_manager\interactables</Filter>
    </ClInclude>
    <ClInclude Include="ClockTower.h">
      <Filter>console_manager\TimeManager</Filter>
    </ClInclude>
  </ItemGroup>
  <ItemGroup>
    <None Include="AttackBoost.cpp.rej" />
  </ItemGroup>
</Project>