<?xml version="1.0" encoding="utf-8"?>
<Project ToolsVersion="4.0" xmlns="http://schemas.microsoft.com/developer/msbuild/2003">
  <ItemGroup>
    <ClCompile Include="AttackBoost.cpp" />
    <ClCompile Include="BaseFrame.cpp" />
    <ClCompile Include="Battle.cpp" />
    <ClCompile Include="BattleStage.cpp" />
    <ClCompile Include="BattleStage_Layout.cpp" />
    <ClCompile Include="BossMonster.cpp" />
    <ClCompile Include="Button.cpp" />
    <ClCompile Include="Character.cpp" />
    <ClCompile Include="ClockTower.cpp" />
    <ClCompile Include="ConsoleManager.cpp" />
    <ClCompile Include="Display.cpp" />
    <ClCompile Include="Exit_Button.cpp" />
    <ClCompile Include="interaction_Component.cpp" />
    <ClCompile Include="Layout.cpp" />
    <ClCompile Include="MouseInputManager.cpp" />
    <ClCompile Include="Player.cpp" />
    <ClCompile Include="Popout.cpp" />
    <ClCompile Include="Printer.cpp" />
    <ClCompile Include="SaveLoadManager.cpp" />
    <ClCompile Include="SceneMaker.cpp" />
    <ClCompile Include="SimpleButton.cpp" />
    <ClCompile Include="StringUpdater.cpp" />
    <ClCompile Include="UI_Manager.cpp" />
    <ClCompile Include="Weapon.cpp" />
    <ClCompile Include="GameManager.cpp" />
    <ClCompile Include="Goblin.cpp" />
    <ClCompile Include="HealthPotion.cpp" />
    <ClCompile Include="Item.cpp" />
    <ClCompile Include="Monster.cpp" />
    <ClCompile Include="Orc.cpp" />
    <ClCompile Include="Shop.cpp" />
    <ClCompile Include="Sparta_Cpp_Assginment.cpp" />
    <ClCompile Include="Troll.cpp" />
    <ClCompile Include="Shop_Layout.cpp" />
  </ItemGroup>
  <ItemGroup>
    <ClCompile Include="Sparta_Cpp_Assginment.cpp">
      <Filter>Source Files</Filter>
    </ClCompile>
    <ClCompile Include="GameManager.cpp">
      <Filter>Source Files</Filter>
    </ClCompile>
    <ClCompile Include="Shop.cpp">
      <Filter>Source Files</Filter>
    </ClCompile>
    <ClCompile Include="BossMonster.cpp">
      <Filter>Source Files\Monster</Filter>
    </ClCompile>
    <ClCompile Include="Goblin.cpp">
      <Filter>Source Files\Monster</Filter>
    </ClCompile>
    <ClCompile Include="Monster.cpp">
      <Filter>Source Files\Monster</Filter>
    </ClCompile>
    <ClCompile Include="Orc.cpp">
      <Filter>Source Files\Monster</Filter>
    </ClCompile>
    <ClCompile Include="Troll.cpp">
      <Filter>Source Files\Monster</Filter>
    </ClCompile>
    <ClCompile Include="Character.cpp">
      <Filter>Source Files\Character</Filter>
    </ClCompile>
    <ClCompile Include="Item.cpp">
      <Filter>Source Files\Item</Filter>
    </ClCompile>
    <ClCompile Include="AttackBoost.cpp">
      <Filter>Source Files\Item</Filter>
    </ClCompile>
    <ClCompile Include="HealthPotion.cpp">
      <Filter>Source Files\Item</Filter>
    </ClCompile>
    <ClCompile Include="Battle.cpp">
      <Filter>Source Files</Filter>
    </ClCompile>
    <ClCompile Include="BattleStage.cpp">
      <Filter>Source Files</Filter>
    </ClCompile>
    <ClCompile Include="Weapon.cpp">
      <Filter>Source Files\Item</Filter>
    </ClCompile>
    <ClCompile Include="Player.cpp">
      <Filter>Source Files</Filter>
    </ClCompile>
    <ClCompile Include="ConsoleManager.cpp">
      <Filter>console_manager</Filter>
    </ClCompile>
    <ClCompile Include="Button.cpp">
      <Filter>console_manager\button</Filter>
    </ClCompile>
    <ClCompile Include="Layout.cpp">
      <Filter>console_manager\Layout</Filter>
    </ClCompile>
    <ClCompile Include="BaseFrame.cpp">
      <Filter>console_manager\frame</Filter>
    </ClCompile>
    <ClCompile Include="MouseInputManager.cpp">
      <Filter>console_manager\mouse</Filter>
    </ClCompile>
    <ClCompile Include="Printer.cpp">
      <Filter>console_manager\printer</Filter>
    </ClCompile>
    <ClCompile Include="StringUpdater.cpp">
      <Filter>console_manager\Text</Filter>
    </ClCompile>
    <ClCompile Include="Popout.cpp">
      <Filter>console_manager\Popout</Filter>
    </ClCompile>
    <ClCompile Include="SceneMaker.cpp">
      <Filter>console_manager\Scene</Filter>
    </ClCompile>
    <ClCompile Include="Display.cpp">
      <Filter>console_manager\Dlisplay</Filter>
    </ClCompile>
    <ClCompile Include="ClockTower.cpp">
      <Filter>console_manager\TimeManager</Filter>
    </ClCompile>
    <ClCompile Include="interaction_Component.cpp">
      <Filter>console_manager\interactables</Filter>
    </ClCompile>
    <ClCompile Include="Exit_Button.cpp">
      <Filter>console_manager\button\CommonButtons</Filter>
    </ClCompile>
    <ClCompile Include="SimpleButton.cpp">
      <Filter>console_manager\button\CommonButtons</Filter>
    </ClCompile>
    <ClCompile Include="UI_Manager.cpp">
      <Filter>Source Files</Filter>
    </ClCompile>
    <ClCompile Include="BattleStage_Layout.cpp">
      <Filter>Source Files</Filter>
    </ClCompile>
    <ClCompile Include="SaveLoadManager.cpp">
      <Filter>Source Files</Filter>
    </ClCompile>
    <ClCompile Include="GameManager_Layout.cpp">
      <Filter>Source Files</Filter>
    </ClCompile>
  </ItemGroup>
  <ItemGroup>
    <ClInclude Include="GameManager.h">
      <Filter>Header Files</Filter>
    </ClInclude>
    <ClInclude Include="Shop.h">
      <Filter>Header Files</Filter>
    </ClInclude>
    <ClInclude Include="AttackBoost.h">
      <Filter>Header Files\Item</Filter>
    </ClInclude>
    <ClInclude Include="Item.h">
      <Filter>Header Files\Item</Filter>
    </ClInclude>
    <ClInclude Include="Goblin.h">
      <Filter>Header Files\Monster</Filter>
    </ClInclude>
    <ClInclude Include="Monster.h">
      <Filter>Header Files\Monster</Filter>
    </ClInclude>
    <ClInclude Include="Orc.h">
      <Filter>Header Files\Monster</Filter>
    </ClInclude>
    <ClInclude Include="Troll.h">
      <Filter>Header Files\Monster</Filter>
    </ClInclude>
    <ClInclude Include="BossMonster.h">
      <Filter>Header Files\Monster</Filter>
    </ClInclude>
    <ClInclude Include="HealthPotion.h">
      <Filter>Header Files\Item</Filter>
    </ClInclude>
    <ClInclude Include="Character.h">
      <Filter>Header Files\Character</Filter>
    </ClInclude>
    <ClInclude Include="Battle.h">
      <Filter>Header Files</Filter>
    </ClInclude>
    <ClInclude Include="BattleStage.h">
      <Filter>Header Files</Filter>
    </ClInclude>
    <ClInclude Include="Weapon.h">
      <Filter>Header Files\Item</Filter>
    </ClInclude>
    <ClInclude Include="Player.h">
      <Filter>Header Files</Filter>
    </ClInclude>
    <ClInclude Include="ConsoleManager.h">
      <Filter>console_manager</Filter>
    </ClInclude>
    <ClInclude Include="Enum_ConsoleMode.h">
      <Filter>console_manager</Filter>
    </ClInclude>
    <ClInclude Include="Button.h">
      <Filter>console_manager\button</Filter>
    </ClInclude>
    <ClInclude Include="BaseFrame.h">
      <Filter>console_manager\frame</Filter>
    </ClInclude>
    <ClInclude Include="PivotPoint.h">
      <Filter>console_manager\frame</Filter>
    </ClInclude>
    <ClInclude Include="interaction_Component.h">
      <Filter>console_manager\interactables</Filter>
    </ClInclude>
    <ClInclude Include="Enum_MouseInput.h">
      <Filter>console_manager\mouse</Filter>
    </ClInclude>
    <ClInclude Include="MouseInputManager.h">
      <Filter>console_manager\mouse</Filter>
    </ClInclude>
    <ClInclude Include="Scene.h">
      <Filter>console_manager\Scene</Filter>
    </ClInclude>
    <ClInclude Include="Printer.h">
      <Filter>console_manager\printer</Filter>
    </ClInclude>
    <ClInclude Include="Enum_FrameType.h">
      <Filter>console_manager</Filter>
    </ClInclude>
    <ClInclude Include="Text_Align.h">
      <Filter>console_manager\Text</Filter>
    </ClInclude>
    <ClInclude Include="TextPixel.h">
      <Filter>console_manager\Scene</Filter>
    </ClInclude>
    <ClInclude Include="StringUpdater.h">
      <Filter>console_manager\Text</Filter>
    </ClInclude>
    <ClInclude Include="Layout.h">
      <Filter>console_manager\Layout</Filter>
    </ClInclude>
    <ClInclude Include="UI_Manager.h">
      <Filter>console_manager\UI_Manager</Filter>
    </ClInclude>
    <ClInclude Include="Popout.h">
      <Filter>console_manager\Popout</Filter>
    </ClInclude>
    <ClInclude Include="SceneMaker.h">
      <Filter>console_manager\Scene</Filter>
    </ClInclude>
    <ClInclude Include="Enum_Text_Color.h">
      <Filter>console_manager\Text</Filter>
    </ClInclude>
    <ClInclude Include="Display.h">
      <Filter>console_manager\Dlisplay</Filter>
    </ClInclude>
    <ClInclude Include="SceneEditor.h">
      <Filter>console_manager\Scene</Filter>
    </ClInclude>
    <ClInclude Include="Enum_Live_Interactable_state.h">
      <Filter>console_manager\interactables</Filter>
    </ClInclude>
    <ClInclude Include="ClockTower.h">
      <Filter>console_manager\TimeManager</Filter>
    </ClInclude>
    <ClInclude Include="Exit_Button.h">
      <Filter>console_manager\button\CommonButtons</Filter>
    </ClInclude>
    <ClInclude Include="SimpleButton.h">
      <Filter>console_manager\button\CommonButtons</Filter>
    </ClInclude>
    <ClInclude Include="Enum_Layout.h">
      <Filter>console_manager\UI_Manager</Filter>
    </ClInclude>
    <ClInclude Include="BattleStage_Layout.h">
      <Filter>Header Files</Filter>
    </ClInclude>
    <ClInclude Include="SaveLoadManager.h">
      <Filter>Header Files</Filter>
    </ClInclude>
    <ClInclude Include="Logger.h">
      <Filter>Header Files</Filter>
    </ClInclude>
    <ClInclude Include="GameManager_Layout.h">
      <Filter>Header Files</Filter>
    </ClInclude>
>>>>>>> Dev
  </ItemGroup>
  <ItemGroup>
    <None Include="AttackBoost.cpp.rej" />
    <None Include="savedata.save" />
  </ItemGroup>
</Project>